
Microsoft Visual Studio Solution File, Format Version 12.00
# Visual Studio Version 17
VisualStudioVersion = 17.2.32519.379
MinimumVisualStudioVersion = 10.0.40219.1
Project("{9A19103F-16F7-4668-BE54-9A1E7A4F7556}") = "Warehouse.Data.Models", "Warehouse.Data.Models\Warehouse.Data.Models.csproj", "{E4E8087D-F905-4606-B0A0-DE2C433DEEFE}"
EndProject
Project("{9A19103F-16F7-4668-BE54-9A1E7A4F7556}") = "Warehouse.Data.Tests", "Warehouse.Data.Tests\Warehouse.Data.Tests.csproj", "{100724DB-9AC1-4F92-B637-6D74CD31543A}"
EndProject
Project("{9A19103F-16F7-4668-BE54-9A1E7A4F7556}") = "Warehouse.EntityContext.Sqlite", "Warehouse.EntityContext.Sqlite\Warehouse.EntityContext.Sqlite.csproj", "{085958F5-E26E-486D-9D19-A7548637283C}"
EndProject
Project("{9A19103F-16F7-4668-BE54-9A1E7A4F7556}") = "Warehouse.EntityContext.Tests", "Warehouse.EntityContext.Tests\Warehouse.EntityContext.Tests.csproj", "{18517632-A816-4B56-846A-A3E4DA4253E5}"
EndProject
Project("{9A19103F-16F7-4668-BE54-9A1E7A4F7556}") = "Warehouse.Data", "Warehouse.Data\Warehouse.Data.csproj", "{D0C8CE7E-A581-4FC0-98AC-48845F7618EB}"
EndProject
Project("{9A19103F-16F7-4668-BE54-9A1E7A4F7556}") = "Warehouse.EntityContext", "Warehouse.EntityContext\Warehouse.EntityContext.csproj", "{D88021DA-79F9-4F7E-9023-6C9050E8ED03}"
EndProject
Project("{9A19103F-16F7-4668-BE54-9A1E7A4F7556}") = "Warehouse.EntityContext.Entities", "Warehouse.EntityContext.Models\Warehouse.EntityContext.Entities.csproj", "{49549406-5215-4D1F-B821-4171915D8B7D}"
EndProject
Project("{9A19103F-16F7-4668-BE54-9A1E7A4F7556}") = "Warehouse.Web.Models", "Warehouse.Web.Models\Warehouse.Web.Models.csproj", "{1B266CEF-04A2-45F3-85C3-C97308EBDDE7}"
EndProject
Project("{9A19103F-16F7-4668-BE54-9A1E7A4F7556}") = "Warehouse.Web.Tests", "Warehouse.Web.Tests\Warehouse.Web.Tests.csproj", "{6BC263B7-AC37-4B4C-B14D-679FBC70FEDF}"
EndProject
Project("{9A19103F-16F7-4668-BE54-9A1E7A4F7556}") = "Warehouse.IntegrationTests", "Warehouse.IntegrationTests\Warehouse.IntegrationTests.csproj", "{D2537B37-3E55-4FAF-89A4-ABD74C7C1742}"
EndProject
Project("{9A19103F-16F7-4668-BE54-9A1E7A4F7556}") = "Warehouse.Web.Api", "Warehouse.WebApi\Warehouse.Web.Api.csproj", "{8CB96C16-A3F8-45F2-8070-DA87A2A682FD}"
EndProject
Global
	GlobalSection(SolutionConfigurationPlatforms) = preSolution
		Debug|Any CPU = Debug|Any CPU
		Release|Any CPU = Release|Any CPU
	EndGlobalSection
	GlobalSection(ProjectConfigurationPlatforms) = postSolution
		{E4E8087D-F905-4606-B0A0-DE2C433DEEFE}.Debug|Any CPU.ActiveCfg = Debug|Any CPU
		{E4E8087D-F905-4606-B0A0-DE2C433DEEFE}.Debug|Any CPU.Build.0 = Debug|Any CPU
		{E4E8087D-F905-4606-B0A0-DE2C433DEEFE}.Release|Any CPU.ActiveCfg = Release|Any CPU
		{E4E8087D-F905-4606-B0A0-DE2C433DEEFE}.Release|Any CPU.Build.0 = Release|Any CPU
		{100724DB-9AC1-4F92-B637-6D74CD31543A}.Debug|Any CPU.ActiveCfg = Debug|Any CPU
		{100724DB-9AC1-4F92-B637-6D74CD31543A}.Debug|Any CPU.Build.0 = Debug|Any CPU
		{100724DB-9AC1-4F92-B637-6D74CD31543A}.Release|Any CPU.ActiveCfg = Release|Any CPU
		{100724DB-9AC1-4F92-B637-6D74CD31543A}.Release|Any CPU.Build.0 = Release|Any CPU
		{085958F5-E26E-486D-9D19-A7548637283C}.Debug|Any CPU.ActiveCfg = Debug|Any CPU
		{085958F5-E26E-486D-9D19-A7548637283C}.Debug|Any CPU.Build.0 = Debug|Any CPU
		{085958F5-E26E-486D-9D19-A7548637283C}.Release|Any CPU.ActiveCfg = Release|Any CPU
		{085958F5-E26E-486D-9D19-A7548637283C}.Release|Any CPU.Build.0 = Release|Any CPU
		{18517632-A816-4B56-846A-A3E4DA4253E5}.Debug|Any CPU.ActiveCfg = Debug|Any CPU
		{18517632-A816-4B56-846A-A3E4DA4253E5}.Debug|Any CPU.Build.0 = Debug|Any CPU
		{18517632-A816-4B56-846A-A3E4DA4253E5}.Release|Any CPU.ActiveCfg = Release|Any CPU
		{18517632-A816-4B56-846A-A3E4DA4253E5}.Release|Any CPU.Build.0 = Release|Any CPU
		{D0C8CE7E-A581-4FC0-98AC-48845F7618EB}.Debug|Any CPU.ActiveCfg = Debug|Any CPU
		{D0C8CE7E-A581-4FC0-98AC-48845F7618EB}.Debug|Any CPU.Build.0 = Debug|Any CPU
		{D0C8CE7E-A581-4FC0-98AC-48845F7618EB}.Release|Any CPU.ActiveCfg = Release|Any CPU
		{D0C8CE7E-A581-4FC0-98AC-48845F7618EB}.Release|Any CPU.Build.0 = Release|Any CPU
		{D88021DA-79F9-4F7E-9023-6C9050E8ED03}.Debug|Any CPU.ActiveCfg = Debug|Any CPU
		{D88021DA-79F9-4F7E-9023-6C9050E8ED03}.Debug|Any CPU.Build.0 = Debug|Any CPU
		{D88021DA-79F9-4F7E-9023-6C9050E8ED03}.Release|Any CPU.ActiveCfg = Release|Any CPU
		{D88021DA-79F9-4F7E-9023-6C9050E8ED03}.Release|Any CPU.Build.0 = Release|Any CPU
		{49549406-5215-4D1F-B821-4171915D8B7D}.Debug|Any CPU.ActiveCfg = Debug|Any CPU
		{49549406-5215-4D1F-B821-4171915D8B7D}.Debug|Any CPU.Build.0 = Debug|Any CPU
		{49549406-5215-4D1F-B821-4171915D8B7D}.Release|Any CPU.ActiveCfg = Release|Any CPU
		{49549406-5215-4D1F-B821-4171915D8B7D}.Release|Any CPU.Build.0 = Release|Any CPU
		{1B266CEF-04A2-45F3-85C3-C97308EBDDE7}.Debug|Any CPU.ActiveCfg = Debug|Any CPU
		{1B266CEF-04A2-45F3-85C3-C97308EBDDE7}.Debug|Any CPU.Build.0 = Debug|Any CPU
		{1B266CEF-04A2-45F3-85C3-C97308EBDDE7}.Release|Any CPU.ActiveCfg = Release|Any CPU
		{1B266CEF-04A2-45F3-85C3-C97308EBDDE7}.Release|Any CPU.Build.0 = Release|Any CPU
		{6BC263B7-AC37-4B4C-B14D-679FBC70FEDF}.Debug|Any CPU.ActiveCfg = Debug|Any CPU
		{6BC263B7-AC37-4B4C-B14D-679FBC70FEDF}.Debug|Any CPU.Build.0 = Debug|Any CPU
		{6BC263B7-AC37-4B4C-B14D-679FBC70FEDF}.Release|Any CPU.ActiveCfg = Release|Any CPU
		{6BC263B7-AC37-4B4C-B14D-679FBC70FEDF}.Release|Any CPU.Build.0 = Release|Any CPU
		{D2537B37-3E55-4FAF-89A4-ABD74C7C1742}.Debug|Any CPU.ActiveCfg = Debug|Any CPU
		{D2537B37-3E55-4FAF-89A4-ABD74C7C1742}.Debug|Any CPU.Build.0 = Debug|Any CPU
		{D2537B37-3E55-4FAF-89A4-ABD74C7C1742}.Release|Any CPU.ActiveCfg = Release|Any CPU
		{D2537B37-3E55-4FAF-89A4-ABD74C7C1742}.Release|Any CPU.Build.0 = Release|Any CPU
		{8CB96C16-A3F8-45F2-8070-DA87A2A682FD}.Debug|Any CPU.ActiveCfg = Debug|Any CPU
		{8CB96C16-A3F8-45F2-8070-DA87A2A682FD}.Debug|Any CPU.Build.0 = Debug|Any CPU
		{8CB96C16-A3F8-45F2-8070-DA87A2A682FD}.Release|Any CPU.ActiveCfg = Release|Any CPU
		{8CB96C16-A3F8-45F2-8070-DA87A2A682FD}.Release|Any CPU.Build.0 = Release|Any CPU
	EndGlobalSection
	GlobalSection(SolutionProperties) = preSolution
		HideSolutionNode = FALSE
	EndGlobalSection
	GlobalSection(ExtensibilityGlobals) = postSolution
		SolutionGuid = {1F5EF45D-BEE9-496D-A13E-F76087113CDB}
	EndGlobalSection
EndGlobal
